
Microsoft Visual Studio Solution File, Format Version 12.00
# Visual Studio Version 16
VisualStudioVersion = 16.0.34114.132
MinimumVisualStudioVersion = 10.0.40219.1
Project("{FAE04EC0-301F-11D3-BF4B-00C04F79EFBC}") = "ProyectoAutoWeb", "ProyectoAutoWeb\ProyectoAutoWeb.csproj", "{D2CB0CD6-D38D-4736-B99D-38664EDCBDE5}"
EndProject
Global
	GlobalSection(SolutionConfigurationPlatforms) = preSolution
		Debug|Any CPU = Debug|Any CPU
		Release|Any CPU = Release|Any CPU
	EndGlobalSection
	GlobalSection(ProjectConfigurationPlatforms) = postSolution
		{D2CB0CD6-D38D-4736-B99D-38664EDCBDE5}.Debug|Any CPU.ActiveCfg = Debug|Any CPU
		{D2CB0CD6-D38D-4736-B99D-38664EDCBDE5}.Debug|Any CPU.Build.0 = Debug|Any CPU
		{D2CB0CD6-D38D-4736-B99D-38664EDCBDE5}.Release|Any CPU.ActiveCfg = Release|Any CPU
		{D2CB0CD6-D38D-4736-B99D-38664EDCBDE5}.Release|Any CPU.Build.0 = Release|Any CPU
	EndGlobalSection
	GlobalSection(SolutionProperties) = preSolution
		HideSolutionNode = FALSE
	EndGlobalSection
	GlobalSection(ExtensibilityGlobals) = postSolution
		SolutionGuid = {B0450492-8159-45F9-AA9A-39B9607F46CA}
	EndGlobalSection
EndGlobal
